// !$*UTF8*$!
{
	archiveVersion = 1;
	classes = {
	};
	objectVersion = 77;
	objects = {

/* Begin PBXContainerItemProxy section */
		2C1E2DCF2E17CBA6005EB53D /* PBXContainerItemProxy */ = {
			isa = PBXContainerItemProxy;
			containerPortal = 2C1E2DB42E17CBA0005EB53D /* Project object */;
			proxyType = 1;
			remoteGlobalIDString = 2C1E2DBB2E17CBA0005EB53D;
			remoteInfo = Studium;
		};
		2C1E2DD92E17CBA6005EB53D /* PBXContainerItemProxy */ = {
			isa = PBXContainerItemProxy;
			containerPortal = 2C1E2DB42E17CBA0005EB53D /* Project object */;
			proxyType = 1;
			remoteGlobalIDString = 2C1E2DBB2E17CBA0005EB53D;
			remoteInfo = Studium;
		};
/* End PBXContainerItemProxy section */

/* Begin PBXFileReference section */
		2C1E2DBC2E17CBA0005EB53D /* Studium.app */ = {isa = PBXFileReference; explicitFileType = wrapper.application; includeInIndex = 0; path = Studium.app; sourceTree = BUILT_PRODUCTS_DIR; };
		2C1E2DCE2E17CBA6005EB53D /* StudiumTests.xctest */ = {isa = PBXFileReference; explicitFileType = wrapper.cfbundle; includeInIndex = 0; path = StudiumTests.xctest; sourceTree = BUILT_PRODUCTS_DIR; };
		2C1E2DD82E17CBA6005EB53D /* StudiumUITests.xctest */ = {isa = PBXFileReference; explicitFileType = wrapper.cfbundle; includeInIndex = 0; path = StudiumUITests.xctest; sourceTree = BUILT_PRODUCTS_DIR; };
/* End PBXFileReference section */

/* Begin PBXFileSystemSynchronizedRootGroup section */
		2C1E2DBE2E17CBA0005EB53D /* Studium */ = {
			isa = PBXFileSystemSynchronizedRootGroup;
			path = Studium;
			sourceTree = "<group>";
		};
		2C1E2DD12E17CBA6005EB53D /* StudiumTests */ = {
			isa = PBXFileSystemSynchronizedRootGroup;
			path = StudiumTests;
			sourceTree = "<group>";
		};
		2C1E2DDB2E17CBA6005EB53D /* StudiumUITests */ = {
			isa = PBXFileSystemSynchronizedRootGroup;
			path = StudiumUITests;
			sourceTree = "<group>";
		};
/* End PBXFileSystemSynchronizedRootGroup section */

/* Begin PBXFrameworksBuildPhase section */
		2C1E2DB92E17CBA0005EB53D /* Frameworks */ = {
			isa = PBXFrameworksBuildPhase;
			buildActionMask = 2147483647;
			files = (
			);
			runOnlyForDeploymentPostprocessing = 0;
		};
		2C1E2DCB2E17CBA6005EB53D /* Frameworks */ = {
			isa = PBXFrameworksBuildPhase;
			buildActionMask = 2147483647;
			files = (
			);
			runOnlyForDeploymentPostprocessing = 0;
		};
		2C1E2DD52E17CBA6005EB53D /* Frameworks */ = {
			isa = PBXFrameworksBuildPhase;
			buildActionMask = 2147483647;
			files = (
			);
			runOnlyForDeploymentPostprocessing = 0;
		};
/* End PBXFrameworksBuildPhase section */

/* Begin PBXGroup section */
		2C1E2DB32E17CBA0005EB53D = {
			isa = PBXGroup;
			children = (
				2C1E2DBE2E17CBA0005EB53D /* Studium */,
				2C1E2DD12E17CBA6005EB53D /* StudiumTests */,
				2C1E2DDB2E17CBA6005EB53D /* StudiumUITests */,
				2C1E2DBD2E17CBA0005EB53D /* Products */,
			);
			sourceTree = "<group>";
		};
		2C1E2DBD2E17CBA0005EB53D /* Products */ = {
			isa = PBXGroup;
			children = (
				2C1E2DBC2E17CBA0005EB53D /* Studium.app */,
				2C1E2DCE2E17CBA6005EB53D /* StudiumTests.xctest */,
				2C1E2DD82E17CBA6005EB53D /* StudiumUITests.xctest */,
			);
			name = Products;
			sourceTree = "<group>";
		};
/* End PBXGroup section */

/* Begin PBXNativeTarget section */
		2C1E2DBB2E17CBA0005EB53D /* Studium */ = {
			isa = PBXNativeTarget;
			buildConfigurationList = 2C1E2DE22E17CBA6005EB53D /* Build configuration list for PBXNativeTarget "Studium" */;
			buildPhases = (
				2C1E2DB82E17CBA0005EB53D /* Sources */,
				2C1E2DB92E17CBA0005EB53D /* Frameworks */,
				2C1E2DBA2E17CBA0005EB53D /* Resources */,
			);
			buildRules = (
			);
			dependencies = (
			);
			fileSystemSynchronizedGroups = (
				2C1E2DBE2E17CBA0005EB53D /* Studium */,
			);
			name = Studium;
			packageProductDependencies = (
			);
			productName = Studium;
			productReference = 2C1E2DBC2E17CBA0005EB53D /* Studium.app */;
			productType = "com.apple.product-type.application";
		};
		2C1E2DCD2E17CBA6005EB53D /* StudiumTests */ = {
			isa = PBXNativeTarget;
			buildConfigurationList = 2C1E2DE52E17CBA6005EB53D /* Build configuration list for PBXNativeTarget "StudiumTests" */;
			buildPhases = (
				2C1E2DCA2E17CBA6005EB53D /* Sources */,
				2C1E2DCB2E17CBA6005EB53D /* Frameworks */,
				2C1E2DCC2E17CBA6005EB53D /* Resources */,
			);
			buildRules = (
			);
			dependencies = (
				2C1E2DD02E17CBA6005EB53D /* PBXTargetDependency */,
			);
			fileSystemSynchronizedGroups = (
				2C1E2DD12E17CBA6005EB53D /* StudiumTests */,
			);
			name = StudiumTests;
			packageProductDependencies = (
			);
			productName = StudiumTests;
			productReference = 2C1E2DCE2E17CBA6005EB53D /* StudiumTests.xctest */;
			productType = "com.apple.product-type.bundle.unit-test";
		};
		2C1E2DD72E17CBA6005EB53D /* StudiumUITests */ = {
			isa = PBXNativeTarget;
			buildConfigurationList = 2C1E2DE82E17CBA6005EB53D /* Build configuration list for PBXNativeTarget "StudiumUITests" */;
			buildPhases = (
				2C1E2DD42E17CBA6005EB53D /* Sources */,
				2C1E2DD52E17CBA6005EB53D /* Frameworks */,
				2C1E2DD62E17CBA6005EB53D /* Resources */,
			);
			buildRules = (
			);
			dependencies = (
				2C1E2DDA2E17CBA6005EB53D /* PBXTargetDependency */,
			);
			fileSystemSynchronizedGroups = (
				2C1E2DDB2E17CBA6005EB53D /* StudiumUITests */,
			);
			name = StudiumUITests;
			packageProductDependencies = (
			);
			productName = StudiumUITests;
			productReference = 2C1E2DD82E17CBA6005EB53D /* StudiumUITests.xctest */;
			productType = "com.apple.product-type.bundle.ui-testing";
		};
/* End PBXNativeTarget section */

/* Begin PBXProject section */
		2C1E2DB42E17CBA0005EB53D /* Project object */ = {
			isa = PBXProject;
			attributes = {
				BuildIndependentTargetsInParallel = 1;
				LastSwiftUpdateCheck = 1640;
				LastUpgradeCheck = 1640;
				TargetAttributes = {
					2C1E2DBB2E17CBA0005EB53D = {
						CreatedOnToolsVersion = 16.4;
					};
					2C1E2DCD2E17CBA6005EB53D = {
						CreatedOnToolsVersion = 16.4;
						TestTargetID = 2C1E2DBB2E17CBA0005EB53D;
					};
					2C1E2DD72E17CBA6005EB53D = {
						CreatedOnToolsVersion = 16.4;
						TestTargetID = 2C1E2DBB2E17CBA0005EB53D;
					};
				};
			};
			buildConfigurationList = 2C1E2DB72E17CBA0005EB53D /* Build configuration list for PBXProject "Studium" */;
			developmentRegion = en;
			hasScannedForEncodings = 0;
			knownRegions = (
				en,
				Base,
			);
			mainGroup = 2C1E2DB32E17CBA0005EB53D;
			minimizedProjectReferenceProxies = 1;
			preferredProjectObjectVersion = 77;
			productRefGroup = 2C1E2DBD2E17CBA0005EB53D /* Products */;
			projectDirPath = "";
			projectRoot = "";
			targets = (
				2C1E2DBB2E17CBA0005EB53D /* Studium */,
				2C1E2DCD2E17CBA6005EB53D /* StudiumTests */,
				2C1E2DD72E17CBA6005EB53D /* StudiumUITests */,
			);
		};
/* End PBXProject section */

/* Begin PBXResourcesBuildPhase section */
		2C1E2DBA2E17CBA0005EB53D /* Resources */ = {
			isa = PBXResourcesBuildPhase;
			buildActionMask = 2147483647;
			files = (
			);
			runOnlyForDeploymentPostprocessing = 0;
		};
		2C1E2DCC2E17CBA6005EB53D /* Resources */ = {
			isa = PBXResourcesBuildPhase;
			buildActionMask = 2147483647;
			files = (
			);
			runOnlyForDeploymentPostprocessing = 0;
		};
		2C1E2DD62E17CBA6005EB53D /* Resources */ = {
			isa = PBXResourcesBuildPhase;
			buildActionMask = 2147483647;
			files = (
			);
			runOnlyForDeploymentPostprocessing = 0;
		};
/* End PBXResourcesBuildPhase section */

/* Begin PBXSourcesBuildPhase section */
		2C1E2DB82E17CBA0005EB53D /* Sources */ = {
			isa = PBXSourcesBuildPhase;
			buildActionMask = 2147483647;
			files = (
			);
			runOnlyForDeploymentPostprocessing = 0;
		};
		2C1E2DCA2E17CBA6005EB53D /* Sources */ = {
			isa = PBXSourcesBuildPhase;
			buildActionMask = 2147483647;
			files = (
			);
			runOnlyForDeploymentPostprocessing = 0;
		};
		2C1E2DD42E17CBA6005EB53D /* Sources */ = {
			isa = PBXSourcesBuildPhase;
			buildActionMask = 2147483647;
			files = (
			);
			runOnlyForDeploymentPostprocessing = 0;
		};
/* End PBXSourcesBuildPhase section */

/* Begin PBXTargetDependency section */
		2C1E2DD02E17CBA6005EB53D /* PBXTargetDependency */ = {
			isa = PBXTargetDependency;
			target = 2C1E2DBB2E17CBA0005EB53D /* Studium */;
			targetProxy = 2C1E2DCF2E17CBA6005EB53D /* PBXContainerItemProxy */;
		};
		2C1E2DDA2E17CBA6005EB53D /* PBXTargetDependency */ = {
			isa = PBXTargetDependency;
			target = 2C1E2DBB2E17CBA0005EB53D /* Studium */;
			targetProxy = 2C1E2DD92E17CBA6005EB53D /* PBXContainerItemProxy */;
		};
/* End PBXTargetDependency section */

/* Begin XCBuildConfiguration section */
		2C1E2DE02E17CBA6005EB53D /* Debug */ = {
			isa = XCBuildConfiguration;
			buildSettings = {
				ALWAYS_SEARCH_USER_PATHS = NO;
				ASSETCATALOG_COMPILER_GENERATE_SWIFT_ASSET_SYMBOL_EXTENSIONS = YES;
				CLANG_ANALYZER_NONNULL = YES;
				CLANG_ANALYZER_NUMBER_OBJECT_CONVERSION = YES_AGGRESSIVE;
				CLANG_CXX_LANGUAGE_STANDARD = "gnu++20";
				CLANG_ENABLE_MODULES = YES;
				CLANG_ENABLE_OBJC_ARC = YES;
				CLANG_ENABLE_OBJC_WEAK = YES;
				CLANG_WARN_BLOCK_CAPTURE_AUTORELEASING = YES;
				CLANG_WARN_BOOL_CONVERSION = YES;
				CLANG_WARN_COMMA = YES;
				CLANG_WARN_CONSTANT_CONVERSION = YES;
				CLANG_WARN_DEPRECATED_OBJC_IMPLEMENTATIONS = YES;
				CLANG_WARN_DIRECT_OBJC_ISA_USAGE = YES_ERROR;
				CLANG_WARN_DOCUMENTATION_COMMENTS = YES;
				CLANG_WARN_EMPTY_BODY = YES;
				CLANG_WARN_ENUM_CONVERSION = YES;
				CLANG_WARN_INFINITE_RECURSION = YES;
				CLANG_WARN_INT_CONVERSION = YES;
				CLANG_WARN_NON_LITERAL_NULL_CONVERSION = YES;
				CLANG_WARN_OBJC_IMPLICIT_RETAIN_SELF = YES;
				CLANG_WARN_OBJC_LITERAL_CONVERSION = YES;
				CLANG_WARN_OBJC_ROOT_CLASS = YES_ERROR;
				CLANG_WARN_QUOTED_INCLUDE_IN_FRAMEWORK_HEADER = YES;
				CLANG_WARN_RANGE_LOOP_ANALYSIS = YES;
				CLANG_WARN_STRICT_PROTOTYPES = YES;
				CLANG_WARN_SUSPICIOUS_MOVE = YES;
				CLANG_WARN_UNGUARDED_AVAILABILITY = YES_AGGRESSIVE;
				CLANG_WARN_UNREACHABLE_CODE = YES;
				CLANG_WARN__DUPLICATE_METHOD_MATCH = YES;
				COPY_PHASE_STRIP = NO;
				DEBUG_INFORMATION_FORMAT = dwarf;
				DEVELOPMENT_TEAM = 4JCS7KTRQH;
				ENABLE_STRICT_OBJC_MSGSEND = YES;
				ENABLE_TESTABILITY = YES;
				ENABLE_USER_SCRIPT_SANDBOXING = YES;
				GCC_C_LANGUAGE_STANDARD = gnu17;
				GCC_DYNAMIC_NO_PIC = NO;
				GCC_NO_COMMON_BLOCKS = YES;
				GCC_OPTIMIZATION_LEVEL = 0;
				GCC_PREPROCESSOR_DEFINITIONS = (
					"DEBUG=1",
					"$(inherited)",
				);
				GCC_WARN_64_TO_32_BIT_CONVERSION = YES;
				GCC_WARN_ABOUT_RETURN_TYPE = YES_ERROR;
				GCC_WARN_UNDECLARED_SELECTOR = YES;
				GCC_WARN_UNINITIALIZED_AUTOS = YES_AGGRESSIVE;
				GCC_WARN_UNUSED_FUNCTION = YES;
				GCC_WARN_UNUSED_VARIABLE = YES;
				IPHONEOS_DEPLOYMENT_TARGET = 18.5;
				LOCALIZATION_PREFERS_STRING_CATALOGS = YES;
				MTL_ENABLE_DEBUG_INFO = INCLUDE_SOURCE;
				MTL_FAST_MATH = YES;
				ONLY_ACTIVE_ARCH = YES;
				SDKROOT = iphoneos;
				SWIFT_ACTIVE_COMPILATION_CONDITIONS = "DEBUG $(inherited)";
				SWIFT_OPTIMIZATION_LEVEL = "-Onone";
			};
			name = Debug;
		};
		2C1E2DE12E17CBA6005EB53D /* Release */ = {
			isa = XCBuildConfiguration;
			buildSettings = {
				ALWAYS_SEARCH_USER_PATHS = NO;
				ASSETCATALOG_COMPILER_GENERATE_SWIFT_ASSET_SYMBOL_EXTENSIONS = YES;
				CLANG_ANALYZER_NONNULL = YES;
				CLANG_ANALYZER_NUMBER_OBJECT_CONVERSION = YES_AGGRESSIVE;
				CLANG_CXX_LANGUAGE_STANDARD = "gnu++20";
				CLANG_ENABLE_MODULES = YES;
				CLANG_ENABLE_OBJC_ARC = YES;
				CLANG_ENABLE_OBJC_WEAK = YES;
				CLANG_WARN_BLOCK_CAPTURE_AUTORELEASING = YES;
				CLANG_WARN_BOOL_CONVERSION = YES;
				CLANG_WARN_COMMA = YES;
				CLANG_WARN_CONSTANT_CONVERSION = YES;
				CLANG_WARN_DEPRECATED_OBJC_IMPLEMENTATIONS = YES;
				CLANG_WARN_DIRECT_OBJC_ISA_USAGE = YES_ERROR;
				CLANG_WARN_DOCUMENTATION_COMMENTS = YES;
				CLANG_WARN_EMPTY_BODY = YES;
				CLANG_WARN_ENUM_CONVERSION = YES;
				CLANG_WARN_INFINITE_RECURSION = YES;
				CLANG_WARN_INT_CONVERSION = YES;
				CLANG_WARN_NON_LITERAL_NULL_CONVERSION = YES;
				CLANG_WARN_OBJC_IMPLICIT_RETAIN_SELF = YES;
				CLANG_WARN_OBJC_LITERAL_CONVERSION = YES;
				CLANG_WARN_OBJC_ROOT_CLASS = YES_ERROR;
				CLANG_WARN_QUOTED_INCLUDE_IN_FRAMEWORK_HEADER = YES;
				CLANG_WARN_RANGE_LOOP_ANALYSIS = YES;
				CLANG_WARN_STRICT_PROTOTYPES = YES;
				CLANG_WARN_SUSPICIOUS_MOVE = YES;
				CLANG_WARN_UNGUARDED_AVAILABILITY = YES_AGGRESSIVE;
				CLANG_WARN_UNREACHABLE_CODE = YES;
				CLANG_WARN__DUPLICATE_METHOD_MATCH = YES;
				COPY_PHASE_STRIP = NO;
				DEBUG_INFORMATION_FORMAT = "dwarf-with-dsym";
				DEVELOPMENT_TEAM = 4JCS7KTRQH;
				ENABLE_NS_ASSERTIONS = NO;
				ENABLE_STRICT_OBJC_MSGSEND = YES;
				ENABLE_USER_SCRIPT_SANDBOXING = YES;
				GCC_C_LANGUAGE_STANDARD = gnu17;
				GCC_NO_COMMON_BLOCKS = YES;
				GCC_WARN_64_TO_32_BIT_CONVERSION = YES;
				GCC_WARN_ABOUT_RETURN_TYPE = YES_ERROR;
				GCC_WARN_UNDECLARED_SELECTOR = YES;
				GCC_WARN_UNINITIALIZED_AUTOS = YES_AGGRESSIVE;
				GCC_WARN_UNUSED_FUNCTION = YES;
				GCC_WARN_UNUSED_VARIABLE = YES;
				IPHONEOS_DEPLOYMENT_TARGET = 18.5;
				LOCALIZATION_PREFERS_STRING_CATALOGS = YES;
				MTL_ENABLE_DEBUG_INFO = NO;
				MTL_FAST_MATH = YES;
				SDKROOT = iphoneos;
				SWIFT_COMPILATION_MODE = wholemodule;
				VALIDATE_PRODUCT = YES;
			};
			name = Release;
		};
		2C1E2DE32E17CBA6005EB53D /* Debug */ = {
			isa = XCBuildConfiguration;
			buildSettings = {
				ASSETCATALOG_COMPILER_APPICON_NAME = AppIcon;
				ASSETCATALOG_COMPILER_GLOBAL_ACCENT_COLOR_NAME = AccentColor;
				CODE_SIGN_STYLE = Automatic;
				CURRENT_PROJECT_VERSION = 1;
				DEVELOPMENT_TEAM = 4JCS7KTRQH;
				ENABLE_PREVIEWS = YES;
				GENERATE_INFOPLIST_FILE = YES;
				INFOPLIST_KEY_UIApplicationSceneManifest_Generation = YES;
				INFOPLIST_KEY_UIApplicationSupportsIndirectInputEvents = YES;
				INFOPLIST_KEY_UILaunchScreen_Generation = YES;
				INFOPLIST_KEY_UISupportedInterfaceOrientations_iPad = "UIInterfaceOrientationPortrait UIInterfaceOrientationPortraitUpsideDown UIInterfaceOrientationLandscapeLeft UIInterfaceOrientationLandscapeRight";
				INFOPLIST_KEY_UISupportedInterfaceOrientations_iPhone = "UIInterfaceOrientationPortrait UIInterfaceOrientationLandscapeLeft UIInterfaceOrientationLandscapeRight";
				LD_RUNPATH_SEARCH_PATHS = (
					"$(inherited)",
					"@executable_path/Frameworks",
				);
				MARKETING_VERSION = 1.0;
				PRODUCT_BUNDLE_IDENTIFIER = AbstractSoft.Studium;
				PRODUCT_NAME = "$(TARGET_NAME)";
				SWIFT_EMIT_LOC_STRINGS = YES;
				SWIFT_VERSION = 5.0;
				TARGETED_DEVICE_FAMILY = "1,2";
			};
			name = Debug;
		};
		2C1E2DE42E17CBA6005EB53D /* Release */ = {
			isa = XCBuildConfiguration;
			buildSettings = {
				ASSETCATALOG_COMPILER_APPICON_NAME = AppIcon;
				ASSETCATALOG_COMPILER_GLOBAL_ACCENT_COLOR_NAME = AccentColor;
				CODE_SIGN_STYLE = Automatic;
				CURRENT_PROJECT_VERSION = 1;
				DEVELOPMENT_TEAM = 4JCS7KTRQH;
				ENABLE_PREVIEWS = YES;
				GENERATE_INFOPLIST_FILE = YES;
				INFOPLIST_KEY_UIApplicationSceneManifest_Generation = YES;
				INFOPLIST_KEY_UIApplicationSupportsIndirectInputEvents = YES;
				INFOPLIST_KEY_UILaunchScreen_Generation = YES;
				INFOPLIST_KEY_UISupportedInterfaceOrientations_iPad = "UIInterfaceOrientationPortrait UIInterfaceOrientationPortraitUpsideDown UIInterfaceOrientationLandscapeLeft UIInterfaceOrientationLandscapeRight";
				INFOPLIST_KEY_UISupportedInterfaceOrientations_iPhone = "UIInterfaceOrientationPortrait UIInterfaceOrientationLandscapeLeft UIInterfaceOrientationLandscapeRight";
				LD_RUNPATH_SEARCH_PATHS = (
					"$(inherited)",
					"@executable_path/Frameworks",
				);
				MARKETING_VERSION = 1.0;
				PRODUCT_BUNDLE_IDENTIFIER = AbstractSoft.Studium;
				PRODUCT_NAME = "$(TARGET_NAME)";
				SWIFT_EMIT_LOC_STRINGS = YES;
				SWIFT_VERSION = 5.0;
				TARGETED_DEVICE_FAMILY = "1,2";
			};
			name = Release;
		};
		2C1E2DE62E17CBA6005EB53D /* Debug */ = {
			isa = XCBuildConfiguration;
			buildSettings = {
				BUNDLE_LOADER = "$(TEST_HOST)";
				CODE_SIGN_STYLE = Automatic;
				CURRENT_PROJECT_VERSION = 1;
				DEVELOPMENT_TEAM = 4JCS7KTRQH;
				GENERATE_INFOPLIST_FILE = YES;
				IPHONEOS_DEPLOYMENT_TARGET = 18.5;
				MARKETING_VERSION = 1.0;
				PRODUCT_BUNDLE_IDENTIFIER = AbstractSoft.StudiumTests;
				PRODUCT_NAME = "$(TARGET_NAME)";
				SWIFT_EMIT_LOC_STRINGS = NO;
				SWIFT_VERSION = 5.0;
				TARGETED_DEVICE_FAMILY = "1,2";
				TEST_HOST = "$(BUILT_PRODUCTS_DIR)/Studium.app/$(BUNDLE_EXECUTABLE_FOLDER_PATH)/Studium";
			};
			name = Debug;
		};
		2C1E2DE72E17CBA6005EB53D /* Release */ = {
			isa = XCBuildConfiguration;
			buildSettings = {
				BUNDLE_LOADER = "$(TEST_HOST)";
				CODE_SIGN_STYLE = Automatic;
				CURRENT_PROJECT_VERSION = 1;
				DEVELOPMENT_TEAM = 4JCS7KTRQH;
				GENERATE_INFOPLIST_FILE = YES;
				IPHONEOS_DEPLOYMENT_TARGET = 18.5;
				MARKETING_VERSION = 1.0;
				PRODUCT_BUNDLE_IDENTIFIER = AbstractSoft.StudiumTests;
				PRODUCT_NAME = "$(TARGET_NAME)";
				SWIFT_EMIT_LOC_STRINGS = NO;
				SWIFT_VERSION = 5.0;
				TARGETED_DEVICE_FAMILY = "1,2";
				TEST_HOST = "$(BUILT_PRODUCTS_DIR)/Studium.app/$(BUNDLE_EXECUTABLE_FOLDER_PATH)/Studium";
			};
			name = Release;
		};
		2C1E2DE92E17CBA6005EB53D /* Debug */ = {
			isa = XCBuildConfiguration;
			buildSettings = {
				CODE_SIGN_STYLE = Automatic;
				CURRENT_PROJECT_VERSION = 1;
				DEVELOPMENT_TEAM = 4JCS7KTRQH;
				GENERATE_INFOPLIST_FILE = YES;
				MARKETING_VERSION = 1.0;
				PRODUCT_BUNDLE_IDENTIFIER = AbstractSoft.StudiumUITests;
				PRODUCT_NAME = "$(TARGET_NAME)";
				SWIFT_EMIT_LOC_STRINGS = NO;
				SWIFT_VERSION = 5.0;
				TARGETED_DEVICE_FAMILY = "1,2";
				TEST_TARGET_NAME = Studium;
			};
			name = Debug;
		};
		2C1E2DEA2E17CBA6005EB53D /* Release */ = {
			isa = XCBuildConfiguration;
			buildSettings = {
				CODE_SIGN_STYLE = Automatic;
				CURRENT_PROJECT_VERSION = 1;
				DEVELOPMENT_TEAM = 4JCS7KTRQH;
				GENERATE_INFOPLIST_FILE = YES;
				MARKETING_VERSION = 1.0;
				PRODUCT_BUNDLE_IDENTIFIER = AbstractSoft.StudiumUITests;
				PRODUCT_NAME = "$(TARGET_NAME)";
				SWIFT_EMIT_LOC_STRINGS = NO;
				SWIFT_VERSION = 5.0;
				TARGETED_DEVICE_FAMILY = "1,2";
				TEST_TARGET_NAME = Studium;
			};
			name = Release;
		};
/* End XCBuildConfiguration section */

/* Begin XCConfigurationList section */
		2C1E2DB72E17CBA0005EB53D /* Build configuration list for PBXProject "Studium" */ = {
			isa = XCConfigurationList;
			buildConfigurations = (
				2C1E2DE02E17CBA6005EB53D /* Debug */,
				2C1E2DE12E17CBA6005EB53D /* Release */,
			);
			defaultConfigurationIsVisible = 0;
			defaultConfigurationName = Release;
		};
		2C1E2DE22E17CBA6005EB53D /* Build configuration list for PBXNativeTarget "Studium" */ = {
			isa = XCConfigurationList;
			buildConfigurations = (
				2C1E2DE32E17CBA6005EB53D /* Debug */,
				2C1E2DE42E17CBA6005EB53D /* Release */,
			);
			defaultConfigurationIsVisible = 0;
			defaultConfigurationName = Release;
		};
		2C1E2DE52E17CBA6005EB53D /* Build configuration list for PBXNativeTarget "StudiumTests" */ = {
			isa = XCConfigurationList;
			buildConfigurations = (
				2C1E2DE62E17CBA6005EB53D /* Debug */,
				2C1E2DE72E17CBA6005EB53D /* Release */,
			);
			defaultConfigurationIsVisible = 0;
			defaultConfigurationName = Release;
		};
		2C1E2DE82E17CBA6005EB53D /* Build configuration list for PBXNativeTarget "StudiumUITests" */ = {
			isa = XCConfigurationList;
			buildConfigurations = (
				2C1E2DE92E17CBA6005EB53D /* Debug */,
				2C1E2DEA2E17CBA6005EB53D /* Release */,
			);
			defaultConfigurationIsVisible = 0;
			defaultConfigurationName = Release;
		};
/* End XCConfigurationList section */
	};
	rootObject = 2C1E2DB42E17CBA0005EB53D /* Project object */;
}
